Microsoft Visual Studio Solution File, Format Version 12.00
# Visual Studio Version 16
VisualStudioVersion = 16.0.0.0
MinimumVisualStudioVersion = 16.0.0.0
Project("{9A19103F-16F7-4668-BE54-9A1E7A4F7556}") = "ReditChallenge.Server", "Server\ReditChallenge.Server.csproj", "{28B16431-A2A6-4FD0-A91C-843F5C220E18}"
EndProject
Project("{9A19103F-16F7-4668-BE54-9A1E7A4F7556}") = "ReditChallenge.Client", "Client\ReditChallenge.Client.csproj", "{5F657504-4925-438F-99DC-36B8346EBFD5}"
EndProject
Project("{9A19103F-16F7-4668-BE54-9A1E7A4F7556}") = "ReditChallenge.Shared", "Shared\ReditChallenge.Shared.csproj", "{04A5FC60-40FB-4B47-9E75-2C1AF62E466D}"
EndProject
Project("{2150E333-8FDC-42A3-9474-1A3956D46DE8}") = "Shared.Tests", "Shared.Tests", "{8E51BEF0-F8EC-4E54-88C3-4A0CD9E1C91F}"
EndProject
Project("{FAE04EC0-301F-11D3-BF4B-00C04F79EFBC}") = "ReditChallenge.Shared.Tests", "Shared.Tests\ReditChallenge.Shared.Tests\ReditChallenge.Shared.Tests.csproj", "{81850D5C-643A-471E-90B2-06EC56785A36}"
EndProject
Global
	GlobalSection(SolutionConfigurationPlatforms) = preSolution
		Debug|Any CPU = Debug|Any CPU
		Debug|x64 = Debug|x64
		Debug|x86 = Debug|x86
		Release|Any CPU = Release|Any CPU
		Release|x64 = Release|x64
		Release|x86 = Release|x86
	EndGlobalSection
	GlobalSection(ProjectConfigurationPlatforms) = postSolution
		{28B16431-A2A6-4FD0-A91C-843F5C220E18}.Debug|Any CPU.ActiveCfg = Debug|Any CPU
		{28B16431-A2A6-4FD0-A91C-843F5C220E18}.Debug|Any CPU.Build.0 = Debug|Any CPU
		{28B16431-A2A6-4FD0-A91C-843F5C220E18}.Debug|x64.ActiveCfg = Debug|Any CPU
		{28B16431-A2A6-4FD0-A91C-843F5C220E18}.Debug|x64.Build.0 = Debug|Any CPU
		{28B16431-A2A6-4FD0-A91C-843F5C220E18}.Debug|x86.ActiveCfg = Debug|Any CPU
		{28B16431-A2A6-4FD0-A91C-843F5C220E18}.Debug|x86.Build.0 = Debug|Any CPU
		{28B16431-A2A6-4FD0-A91C-843F5C220E18}.Release|Any CPU.ActiveCfg = Release|Any CPU
		{28B16431-A2A6-4FD0-A91C-843F5C220E18}.Release|Any CPU.Build.0 = Release|Any CPU
		{28B16431-A2A6-4FD0-A91C-843F5C220E18}.Release|x64.ActiveCfg = Release|Any CPU
		{28B16431-A2A6-4FD0-A91C-843F5C220E18}.Release|x64.Build.0 = Release|Any CPU
		{28B16431-A2A6-4FD0-A91C-843F5C220E18}.Release|x86.ActiveCfg = Release|Any CPU
		{28B16431-A2A6-4FD0-A91C-843F5C220E18}.Release|x86.Build.0 = Release|Any CPU
		{5F657504-4925-438F-99DC-36B8346EBFD5}.Debug|Any CPU.ActiveCfg = Debug|Any CPU
		{5F657504-4925-438F-99DC-36B8346EBFD5}.Debug|Any CPU.Build.0 = Debug|Any CPU
		{5F657504-4925-438F-99DC-36B8346EBFD5}.Debug|x64.ActiveCfg = Debug|Any CPU
		{5F657504-4925-438F-99DC-36B8346EBFD5}.Debug|x64.Build.0 = Debug|Any CPU
		{5F657504-4925-438F-99DC-36B8346EBFD5}.Debug|x86.ActiveCfg = Debug|Any CPU
		{5F657504-4925-438F-99DC-36B8346EBFD5}.Debug|x86.Build.0 = Debug|Any CPU
		{5F657504-4925-438F-99DC-36B8346EBFD5}.Release|Any CPU.ActiveCfg = Release|Any CPU
		{5F657504-4925-438F-99DC-36B8346EBFD5}.Release|Any CPU.Build.0 = Release|Any CPU
		{5F657504-4925-438F-99DC-36B8346EBFD5}.Release|x64.ActiveCfg = Release|Any CPU
		{5F657504-4925-438F-99DC-36B8346EBFD5}.Release|x64.Build.0 = Release|Any CPU
		{5F657504-4925-438F-99DC-36B8346EBFD5}.Release|x86.ActiveCfg = Release|Any CPU
		{5F657504-4925-438F-99DC-36B8346EBFD5}.Release|x86.Build.0 = Release|Any CPU
		{04A5FC60-40FB-4B47-9E75-2C1AF62E466D}.Debug|Any CPU.ActiveCfg = Debug|Any CPU
		{04A5FC60-40FB-4B47-9E75-2C1AF62E466D}.Debug|Any CPU.Build.0 = Debug|Any CPU
		{04A5FC60-40FB-4B47-9E75-2C1AF62E466D}.Debug|x64.ActiveCfg = Debug|Any CPU
		{04A5FC60-40FB-4B47-9E75-2C1AF62E466D}.Debug|x64.Build.0 = Debug|Any CPU
		{04A5FC60-40FB-4B47-9E75-2C1AF62E466D}.Debug|x86.ActiveCfg = Debug|Any CPU
		{04A5FC60-40FB-4B47-9E75-2C1AF62E466D}.Debug|x86.Build.0 = Debug|Any CPU
		{04A5FC60-40FB-4B47-9E75-2C1AF62E466D}.Release|Any CPU.ActiveCfg = Release|Any CPU
		{04A5FC60-40FB-4B47-9E75-2C1AF62E466D}.Release|Any CPU.Build.0 = Release|Any CPU
		{04A5FC60-40FB-4B47-9E75-2C1AF62E466D}.Release|x64.ActiveCfg = Release|Any CPU
		{04A5FC60-40FB-4B47-9E75-2C1AF62E466D}.Release|x64.Build.0 = Release|Any CPU
		{04A5FC60-40FB-4B47-9E75-2C1AF62E466D}.Release|x86.ActiveCfg = Release|Any CPU
		{04A5FC60-40FB-4B47-9E75-2C1AF62E466D}.Release|x86.Build.0 = Release|Any CPU
		{81850D5C-643A-471E-90B2-06EC56785A36}.Debug|Any CPU.ActiveCfg = Debug|Any CPU
		{81850D5C-643A-471E-90B2-06EC56785A36}.Debug|Any CPU.Build.0 = Debug|Any CPU
		{81850D5C-643A-471E-90B2-06EC56785A36}.Debug|x64.ActiveCfg = Debug|Any CPU
		{81850D5C-643A-471E-90B2-06EC56785A36}.Debug|x64.Build.0 = Debug|Any CPU
		{81850D5C-643A-471E-90B2-06EC56785A36}.Debug|x86.ActiveCfg = Debug|Any CPU
		{81850D5C-643A-471E-90B2-06EC56785A36}.Debug|x86.Build.0 = Debug|Any CPU
		{81850D5C-643A-471E-90B2-06EC56785A36}.Release|Any CPU.ActiveCfg = Release|Any CPU
		{81850D5C-643A-471E-90B2-06EC56785A36}.Release|Any CPU.Build.0 = Release|Any CPU
		{81850D5C-643A-471E-90B2-06EC56785A36}.Release|x64.ActiveCfg = Release|Any CPU
		{81850D5C-643A-471E-90B2-06EC56785A36}.Release|x64.Build.0 = Release|Any CPU
		{81850D5C-643A-471E-90B2-06EC56785A36}.Release|x86.ActiveCfg = Release|Any CPU
		{81850D5C-643A-471E-90B2-06EC56785A36}.Release|x86.Build.0 = Release|Any CPU
	EndGlobalSection
	GlobalSection(SolutionProperties) = preSolution
		HideSolutionNode = FALSE
	EndGlobalSection
	GlobalSection(ExtensibilityGlobals) = postSolution
		SolutionGuid = {93333ECC-B361-4216-807F-0E65AF82E987}
	EndGlobalSection
	GlobalSection(NestedProjects) = preSolution
		{81850D5C-643A-471E-90B2-06EC56785A36} = {8E51BEF0-F8EC-4E54-88C3-4A0CD9E1C91F}
	EndGlobalSection
EndGlobal
